
Microsoft Visual Studio Solution File, Format Version 12.00
# Visual Studio 14
VisualStudioVersion = 14.0.25420.1
MinimumVisualStudioVersion = 10.0.40219.1
Project("{FAE04EC0-301F-11D3-BF4B-00C04F79EFBC}") = "VrepExample", "VrepExample\VrepExample.csproj", "{4217B7F4-5D02-496F-A262-05C295831EC8}"
EndProject
Project("{FAE04EC0-301F-11D3-BF4B-00C04F79EFBC}") = "VrepSharp", "VrepSharp\VrepSharp.csproj", "{C21B662D-F62D-4A53-99E3-4007FCB0D173}"
EndProject
Global
	GlobalSection(SolutionConfigurationPlatforms) = preSolution
		Debug|Any CPU = Debug|Any CPU
		Release|Any CPU = Release|Any CPU
	EndGlobalSection
	GlobalSection(ProjectConfigurationPlatforms) = postSolution
		{4217B7F4-5D02-496F-A262-05C295831EC8}.Debug|Any CPU.ActiveCfg = Debug|Any CPU
		{4217B7F4-5D02-496F-A262-05C295831EC8}.Debug|Any CPU.Build.0 = Debug|Any CPU
		{4217B7F4-5D02-496F-A262-05C295831EC8}.Release|Any CPU.ActiveCfg = Release|Any CPU
		{4217B7F4-5D02-496F-A262-05C295831EC8}.Release|Any CPU.Build.0 = Release|Any CPU
		{C21B662D-F62D-4A53-99E3-4007FCB0D173}.Debug|Any CPU.ActiveCfg = Debug|Any CPU
		{C21B662D-F62D-4A53-99E3-4007FCB0D173}.Debug|Any CPU.Build.0 = Debug|Any CPU
		{C21B662D-F62D-4A53-99E3-4007FCB0D173}.Release|Any CPU.ActiveCfg = Release|Any CPU
		{C21B662D-F62D-4A53-99E3-4007FCB0D173}.Release|Any CPU.Build.0 = Release|Any CPU
	EndGlobalSection
	GlobalSection(SolutionProperties) = preSolution
		HideSolutionNode = FALSE
	EndGlobalSection
EndGlobal
